
Microsoft Visual Studio Solution File, Format Version 12.00
# Visual Studio 15
VisualStudioVersion = 15.0.26430.14
MinimumVisualStudioVersion = 10.0.40219.1
Project("{FAE04EC0-301F-11D3-BF4B-00C04F79EFBC}") = "ConsoleApplication4", "ConsoleApplication4\ConsoleApplication4.csproj", "{1A6493B9-D192-47A9-8BC8-86E315267C6C}"
EndProject
Project("{9A19103F-16F7-4668-BE54-9A1E7A4F7556}") = "ConsoleApp4Core", "ConsoleApp4Core\ConsoleApp4Core.csproj", "{65A0F7DA-D117-453C-B1F4-3CB83458F817}"
EndProject
Project("{9A19103F-16F7-4668-BE54-9A1E7A4F7556}") = "ClassLibraryNetCore", "ClassLibraryNetCore\ClassLibraryNetCore.csproj", "{3001B6D7-F434-4E67-9A41-0734A7F81DA9}"
EndProject
Project("{9A19103F-16F7-4668-BE54-9A1E7A4F7556}") = "ClassLibraryNetStandard", "ClassLibraryNetStandard\ClassLibraryNetStandard.csproj", "{00AC6D47-6E01-42BC-9E4C-808521F00B2D}"
EndProject
Global
	GlobalSection(SolutionConfigurationPlatforms) = preSolution
		Debug|Any CPU = Debug|Any CPU
		Mono|Any CPU = Mono|Any CPU
		Release|Any CPU = Release|Any CPU
	EndGlobalSection
	GlobalSection(ProjectConfigurationPlatforms) = postSolution
		{1A6493B9-D192-47A9-8BC8-86E315267C6C}.Debug|Any CPU.ActiveCfg = Debug|Any CPU
		{1A6493B9-D192-47A9-8BC8-86E315267C6C}.Debug|Any CPU.Build.0 = Debug|Any CPU
		{1A6493B9-D192-47A9-8BC8-86E315267C6C}.Mono|Any CPU.ActiveCfg = Mono|Any CPU
		{1A6493B9-D192-47A9-8BC8-86E315267C6C}.Mono|Any CPU.Build.0 = Mono|Any CPU
		{1A6493B9-D192-47A9-8BC8-86E315267C6C}.Release|Any CPU.ActiveCfg = Release|Any CPU
		{1A6493B9-D192-47A9-8BC8-86E315267C6C}.Release|Any CPU.Build.0 = Release|Any CPU
		{65A0F7DA-D117-453C-B1F4-3CB83458F817}.Debug|Any CPU.ActiveCfg = Debug|Any CPU
		{65A0F7DA-D117-453C-B1F4-3CB83458F817}.Debug|Any CPU.Build.0 = Debug|Any CPU
		{65A0F7DA-D117-453C-B1F4-3CB83458F817}.Mono|Any CPU.ActiveCfg = Release|Any CPU
		{65A0F7DA-D117-453C-B1F4-3CB83458F817}.Mono|Any CPU.Build.0 = Release|Any CPU
		{65A0F7DA-D117-453C-B1F4-3CB83458F817}.Release|Any CPU.ActiveCfg = Release|Any CPU
		{65A0F7DA-D117-453C-B1F4-3CB83458F817}.Release|Any CPU.Build.0 = Release|Any CPU
		{3001B6D7-F434-4E67-9A41-0734A7F81DA9}.Debug|Any CPU.ActiveCfg = Debug|Any CPU
		{3001B6D7-F434-4E67-9A41-0734A7F81DA9}.Debug|Any CPU.Build.0 = Debug|Any CPU
		{3001B6D7-F434-4E67-9A41-0734A7F81DA9}.Mono|Any CPU.ActiveCfg = Debug|Any CPU
		{3001B6D7-F434-4E67-9A41-0734A7F81DA9}.Mono|Any CPU.Build.0 = Debug|Any CPU
		{3001B6D7-F434-4E67-9A41-0734A7F81DA9}.Release|Any CPU.ActiveCfg = Release|Any CPU
		{3001B6D7-F434-4E67-9A41-0734A7F81DA9}.Release|Any CPU.Build.0 = Release|Any CPU
		{00AC6D47-6E01-42BC-9E4C-808521F00B2D}.Debug|Any CPU.ActiveCfg = Debug|Any CPU
		{00AC6D47-6E01-42BC-9E4C-808521F00B2D}.Debug|Any CPU.Build.0 = Debug|Any CPU
		{00AC6D47-6E01-42BC-9E4C-808521F00B2D}.Mono|Any CPU.ActiveCfg = Debug|Any CPU
		{00AC6D47-6E01-42BC-9E4C-808521F00B2D}.Mono|Any CPU.Build.0 = Debug|Any CPU
		{00AC6D47-6E01-42BC-9E4C-808521F00B2D}.Release|Any CPU.ActiveCfg = Release|Any CPU
		{00AC6D47-6E01-42BC-9E4C-808521F00B2D}.Release|Any CPU.Build.0 = Release|Any CPU
	EndGlobalSection
	GlobalSection(SolutionProperties) = preSolution
		HideSolutionNode = FALSE
	EndGlobalSection
EndGlobal
